
Microsoft Visual Studio Solution File, Format Version 12.00
# Visual Studio Version 16
VisualStudioVersion = 16.0.30717.126
MinimumVisualStudioVersion = 10.0.40219.1
Project("{F2A71F9B-5D33-465A-A702-920D77279786}") = "AdventOfCode2020", "AdventOfCode2020\AdventOfCode2020.fsproj", "{6B5E5F06-2620-4B4F-B5EF-0D6A0352079F}"
EndProject
Global
	GlobalSection(SolutionConfigurationPlatforms) = preSolution
		Debug|Any CPU = Debug|Any CPU
		Release|Any CPU = Release|Any CPU
	EndGlobalSection
	GlobalSection(ProjectConfigurationPlatforms) = postSolution
		{6B5E5F06-2620-4B4F-B5EF-0D6A0352079F}.Debug|Any CPU.ActiveCfg = Debug|Any CPU
		{6B5E5F06-2620-4B4F-B5EF-0D6A0352079F}.Debug|Any CPU.Build.0 = Debug|Any CPU
		{6B5E5F06-2620-4B4F-B5EF-0D6A0352079F}.Release|Any CPU.ActiveCfg = Release|Any CPU
		{6B5E5F06-2620-4B4F-B5EF-0D6A0352079F}.Release|Any CPU.Build.0 = Release|Any CPU
	EndGlobalSection
	GlobalSection(SolutionProperties) = preSolution
		HideSolutionNode = FALSE
	EndGlobalSection
	GlobalSection(ExtensibilityGlobals) = postSolution
		SolutionGuid = {19C2A186-CCDA-4F56-A23E-35B73A65A8DF}
	EndGlobalSection
EndGlobal
